
Microsoft Visual Studio Solution File, Format Version 12.00
# Visual Studio Version 16
VisualStudioVersion = 16.0.30011.22
MinimumVisualStudioVersion = 10.0.40219.1
Project("{9A19103F-16F7-4668-BE54-9A1E7A4F7556}") = "Oracle888730", "Oracle888730.csproj", "{93BBE77C-6655-4B21-8476-0FA7F0C595CB}"
EndProject
Project("{2150E333-8FDC-42A3-9474-1A3956D46DE8}") = "Documentazione", "Documentazione", "{5D293A1B-389B-4234-B81C-EB57FBF5CF1C}"
EndProject
Project("{FAE04EC0-301F-11D3-BF4B-00C04F79EFBC}") = "Oracle888730Test", "..\Oracle888730Test\Oracle888730Test.csproj", "{56F5C24F-A48C-4544-BB1E-1308A21314A7}"
EndProject
Global
	GlobalSection(SolutionConfigurationPlatforms) = preSolution
		Debug|Any CPU = Debug|Any CPU
		Release|Any CPU = Release|Any CPU
	EndGlobalSection
	GlobalSection(ProjectConfigurationPlatforms) = postSolution
		{93BBE77C-6655-4B21-8476-0FA7F0C595CB}.Debug|Any CPU.ActiveCfg = Debug|Any CPU
		{93BBE77C-6655-4B21-8476-0FA7F0C595CB}.Debug|Any CPU.Build.0 = Debug|Any CPU
		{93BBE77C-6655-4B21-8476-0FA7F0C595CB}.Release|Any CPU.ActiveCfg = Release|Any CPU
		{93BBE77C-6655-4B21-8476-0FA7F0C595CB}.Release|Any CPU.Build.0 = Release|Any CPU
		{56F5C24F-A48C-4544-BB1E-1308A21314A7}.Debug|Any CPU.ActiveCfg = Debug|Any CPU
		{56F5C24F-A48C-4544-BB1E-1308A21314A7}.Debug|Any CPU.Build.0 = Debug|Any CPU
		{56F5C24F-A48C-4544-BB1E-1308A21314A7}.Release|Any CPU.ActiveCfg = Release|Any CPU
		{56F5C24F-A48C-4544-BB1E-1308A21314A7}.Release|Any CPU.Build.0 = Release|Any CPU
	EndGlobalSection
	GlobalSection(SolutionProperties) = preSolution
		HideSolutionNode = FALSE
	EndGlobalSection
	GlobalSection(ExtensibilityGlobals) = postSolution
		SolutionGuid = {2A485B38-30B9-4907-98BC-3C50E6BB482E}
	EndGlobalSection
EndGlobal
