
Microsoft Visual Studio Solution File, Format Version 12.00
# Visual Studio Version 16
VisualStudioVersion = 16.0.30011.22
MinimumVisualStudioVersion = 10.0.40219.1
Project("{FAE04EC0-301F-11D3-BF4B-00C04F79EFBC}") = "Oracle888730", "Oracle888730.csproj", "{93BBE77C-6655-4B21-8476-0FA7F0C595CB}"
EndProject
Global
	GlobalSection(SolutionConfigurationPlatforms) = preSolution
		Debug|Any CPU = Debug|Any CPU
		Release|Any CPU = Release|Any CPU
	EndGlobalSection
	GlobalSection(ProjectConfigurationPlatforms) = postSolution
		{93BBE77C-6655-4B21-8476-0FA7F0C595CB}.Debug|Any CPU.ActiveCfg = Debug|Any CPU
		{93BBE77C-6655-4B21-8476-0FA7F0C595CB}.Debug|Any CPU.Build.0 = Debug|Any CPU
		{93BBE77C-6655-4B21-8476-0FA7F0C595CB}.Release|Any CPU.ActiveCfg = Release|Any CPU
		{93BBE77C-6655-4B21-8476-0FA7F0C595CB}.Release|Any CPU.Build.0 = Release|Any CPU
	EndGlobalSection
	GlobalSection(SolutionProperties) = preSolution
		HideSolutionNode = FALSE
	EndGlobalSection
	GlobalSection(ExtensibilityGlobals) = postSolution
		SolutionGuid = {2A485B38-30B9-4907-98BC-3C50E6BB482E}
	EndGlobalSection
EndGlobal
